
Microsoft Visual Studio Solution File, Format Version 12.00
# Visual Studio Version 17
VisualStudioVersion = 17.5.002.0
MinimumVisualStudioVersion = 10.0.40219.1
Project("{9A19103F-16F7-4668-BE54-9A1E7A4F7556}") = "plainwebapi", "plainwebapi\plainwebapi.csproj", "{546D9574-8AB2-4310-A4F2-D36D7D0D274D}"
EndProject
Global
	GlobalSection(SolutionConfigurationPlatforms) = preSolution
		Debug|Any CPU = Debug|Any CPU
		Release|Any CPU = Release|Any CPU
	EndGlobalSection
	GlobalSection(ProjectConfigurationPlatforms) = postSolution
		{546D9574-8AB2-4310-A4F2-D36D7D0D274D}.Debug|Any CPU.ActiveCfg = Debug|Any CPU
		{546D9574-8AB2-4310-A4F2-D36D7D0D274D}.Debug|Any CPU.Build.0 = Debug|Any CPU
		{546D9574-8AB2-4310-A4F2-D36D7D0D274D}.Release|Any CPU.ActiveCfg = Release|Any CPU
		{546D9574-8AB2-4310-A4F2-D36D7D0D274D}.Release|Any CPU.Build.0 = Release|Any CPU
	EndGlobalSection
	GlobalSection(SolutionProperties) = preSolution
		HideSolutionNode = FALSE
	EndGlobalSection
	GlobalSection(ExtensibilityGlobals) = postSolution
		SolutionGuid = {F42B96A8-A0D7-4ACD-978C-50384CA75F31}
	EndGlobalSection
EndGlobal
